// !$*UTF8*$!
{
	archiveVersion = 1;
	classes = {
	};
	objectVersion = 46;
	objects = {

/* Begin PBXBuildFile section */
		5A14A8B61A70E647000920FB /* main.m in Sources */ = {isa = PBXBuildFile; fileRef = 5A14A8B51A70E647000920FB /* main.m */; };
		5A14A8B91A70E647000920FB /* AppDelegate.m in Sources */ = {isa = PBXBuildFile; fileRef = 5A14A8B81A70E647000920FB /* AppDelegate.m */; };
		5A14A8C11A70E647000920FB /* Images.xcassets in Resources */ = {isa = PBXBuildFile; fileRef = 5A14A8C01A70E647000920FB /* Images.xcassets */; };
		5A14A8D01A70E647000920FB /* FWDraggableSwipePlayerTests.m in Sources */ = {isa = PBXBuildFile; fileRef = 5A14A8CF1A70E647000920FB /* FWDraggableSwipePlayerTests.m */; };
		5A14A8DD1A70E701000920FB /* DemoViewController.m in Sources */ = {isa = PBXBuildFile; fileRef = 5A14A8DA1A70E701000920FB /* DemoViewController.m */; };
		5A14A8F91A70E765000920FB /* list.json in Resources */ = {isa = PBXBuildFile; fileRef = 5A14A8F81A70E765000920FB /* list.json */; };
		5AE348B41AF753060058E278 /* btn_player_setting.png in Resources */ = {isa = PBXBuildFile; fileRef = 5AE348991AF753050058E278 /* btn_player_setting.png */; };
		5AE348B51AF753060058E278 /* home_btn_next_series.png in Resources */ = {isa = PBXBuildFile; fileRef = 5AE3489A1AF753050058E278 /* home_btn_next_series.png */; };
		5AE348B61AF753060058E278 /* ic_vidcontrol_collapse_pressed.png in Resources */ = {isa = PBXBuildFile; fileRef = 5AE3489B1AF753050058E278 /* ic_vidcontrol_collapse_pressed.png */; };
		5AE348B71AF753060058E278 /* ic_vidcontrol_collapse.png in Resources */ = {isa = PBXBuildFile; fileRef = 5AE3489C1AF753050058E278 /* ic_vidcontrol_collapse.png */; };
		5AE348BB1AF753060058E278 /* mini_middle_bg.png in Resources */ = {isa = PBXBuildFile; fileRef = 5AE348A01AF753050058E278 /* mini_middle_bg.png */; };
		5AE348BC1AF753060058E278 /* phone_my_main_line.png in Resources */ = {isa = PBXBuildFile; fileRef = 5AE348A11AF753050058E278 /* phone_my_main_line.png */; };
		5AE348BD1AF753060058E278 /* play_gesture_brightness.png in Resources */ = {isa = PBXBuildFile; fileRef = 5AE348A21AF753050058E278 /* play_gesture_brightness.png */; };
		5AE348BE1AF753060058E278 /* play_gesture_forward.png in Resources */ = {isa = PBXBuildFile; fileRef = 5AE348A31AF753050058E278 /* play_gesture_forward.png */; };
		5AE348BF1AF753060058E278 /* play_gesture_rewind.png in Resources */ = {isa = PBXBuildFile; fileRef = 5AE348A41AF753050058E278 /* play_gesture_rewind.png */; };
		5AE348C01AF753060058E278 /* play_mini_p.png in Resources */ = {isa = PBXBuildFile; fileRef = 5AE348A51AF753050058E278 /* play_mini_p.png */; };
		5AE348C11AF753060058E278 /* play_mini_p@3x.png in Resources */ = {isa = PBXBuildFile; fileRef = 5AE348A61AF753050058E278 /* play_mini_p@3x.png */; };
		5AE348C31AF753060058E278 /* plugin_fullscreen_bottom_lock_btn_normal.png in Resources */ = {isa = PBXBuildFile; fileRef = 5AE348A81AF753050058E278 /* plugin_fullscreen_bottom_lock_btn_normal.png */; };
		5AE348C41AF753060058E278 /* plugin_fullscreen_bottom_lock_btn_selected.png in Resources */ = {isa = PBXBuildFile; fileRef = 5AE348A91AF753050058E278 /* plugin_fullscreen_bottom_lock_btn_selected.png */; };
		5AE348C51AF753060058E278 /* ppq_play_full_p.png in Resources */ = {isa = PBXBuildFile; fileRef = 5AE348AA1AF753050058E278 /* ppq_play_full_p.png */; };
		5AE348C61AF753060058E278 /* ppq_play_full_p@3x.png in Resources */ = {isa = PBXBuildFile; fileRef = 5AE348AB1AF753050058E278 /* ppq_play_full_p@3x.png */; };
		5AE348C71AF753060058E278 /* uploading_button_share.png in Resources */ = {isa = PBXBuildFile; fileRef = 5AE348AC1AF753050058E278 /* uploading_button_share.png */; };
		5AE348C81AF753060058E278 /* uploading_button_share@2x.png in Resources */ = {isa = PBXBuildFile; fileRef = 5AE348AD1AF753050058E278 /* uploading_button_share@2x.png */; };
		5AE348C91AF753060058E278 /* uploading_button_share@3x.png in Resources */ = {isa = PBXBuildFile; fileRef = 5AE348AE1AF753050058E278 /* uploading_button_share@3x.png */; };
		5AE348D41AF7531D0058E278 /* FWSwipePlayerBottomLayer.m in Sources */ = {isa = PBXBuildFile; fileRef = 5AE348CB1AF7531D0058E278 /* FWSwipePlayerBottomLayer.m */; };
		5AE348D51AF7531D0058E278 /* FWSwipePlayerLayer.m in Sources */ = {isa = PBXBuildFile; fileRef = 5AE348CD1AF7531D0058E278 /* FWSwipePlayerLayer.m */; };
		5AE348D61AF7531D0058E278 /* FWSwipePlayerLoadingLayer.m in Sources */ = {isa = PBXBuildFile; fileRef = 5AE348CF1AF7531D0058E278 /* FWSwipePlayerLoadingLayer.m */; };
		5AE348D71AF7531D0058E278 /* FWSwipePlayerNavLayer.m in Sources */ = {isa = PBXBuildFile; fileRef = 5AE348D11AF7531D0058E278 /* FWSwipePlayerNavLayer.m */; };
		5AE348D81AF7531D0058E278 /* FWSwipePlayerSettingLayer.m in Sources */ = {isa = PBXBuildFile; fileRef = 5AE348D31AF7531D0058E278 /* FWSwipePlayerSettingLayer.m */; };
		5AE348E51AF7532D0058E278 /* FWDraggableManager.m in Sources */ = {isa = PBXBuildFile; fileRef = 5AE348DA1AF7532D0058E278 /* FWDraggableManager.m */; };
		5AE348E61AF7532D0058E278 /* FWPlayerProgressSlider.m in Sources */ = {isa = PBXBuildFile; fileRef = 5AE348DC1AF7532D0058E278 /* FWPlayerProgressSlider.m */; };
		5AE348E71AF7532D0058E278 /* FWSwipePlayerBackgroundView.m in Sources */ = {isa = PBXBuildFile; fileRef = 5AE348DE1AF7532D0058E278 /* FWSwipePlayerBackgroundView.m */; };
		5AE348E81AF7532D0058E278 /* FWSwipePlayerConfig.m in Sources */ = {isa = PBXBuildFile; fileRef = 5AE348E01AF7532D0058E278 /* FWSwipePlayerConfig.m */; };
		5AE348E91AF7532D0058E278 /* FWSwipePlayerViewController.m in Sources */ = {isa = PBXBuildFile; fileRef = 5AE348E21AF7532D0058E278 /* FWSwipePlayerViewController.m */; };
		5AE348EA1AF7532D0058E278 /* FWSwiperPlayerController.m in Sources */ = {isa = PBXBuildFile; fileRef = 5AE348E41AF7532D0058E278 /* FWSwiperPlayerController.m */; };
		5AE348ED1AF7533B0058E278 /* FWPlayerColorUtil.m in Sources */ = {isa = PBXBuildFile; fileRef = 5AE348EC1AF7533B0058E278 /* FWPlayerColorUtil.m */; };
		5AE348F01AF75E370058E278 /* MovieDetailView.m in Sources */ = {isa = PBXBuildFile; fileRef = 5AE348EF1AF75E370058E278 /* MovieDetailView.m */; };
		5AE5814A1AEA16D60006D709 /* FWDraggableSwipePlayer.podspec in Resources */ = {isa = PBXBuildFile; fileRef = 5AE581491AEA16D60006D709 /* FWDraggableSwipePlayer.podspec */; };
		5AE5814B1AEA3F640006D709 /* Main.storyboard in Resources */ = {isa = PBXBuildFile; fileRef = 5A14A8BD1A70E647000920FB /* Main.storyboard */; };
		5AE5814D1AEA40190006D709 /* LICENSE.md in Sources */ = {isa = PBXBuildFile; fileRef = 5AE5814C1AEA40190006D709 /* LICENSE.md */; };
		5AE68F271AA832A8006861AD /* Localizable.strings in Resources */ = {isa = PBXBuildFile; fileRef = 5AE68F291AA832A8006861AD /* Localizable.strings */; };
		5AF5F0261B1D68F500E1402D /* btn_player_pause.png in Resources */ = {isa = PBXBuildFile; fileRef = 5AF5F01F1B1D68F500E1402D /* btn_player_pause.png */; };
		5AF5F0271B1D68F500E1402D /* btn_player_pause@2x.png in Resources */ = {isa = PBXBuildFile; fileRef = 5AF5F0201B1D68F500E1402D /* btn_player_pause@2x.png */; };
		5AF5F0281B1D68F500E1402D /* btn_player_pause@3x.png in Resources */ = {isa = PBXBuildFile; fileRef = 5AF5F0211B1D68F500E1402D /* btn_player_pause@3x.png */; };
		5AF5F0291B1D68F500E1402D /* btn_player_play.png in Resources */ = {isa = PBXBuildFile; fileRef = 5AF5F0221B1D68F500E1402D /* btn_player_play.png */; };
		5AF5F02A1B1D68F500E1402D /* btn_player_play@2x.png in Resources */ = {isa = PBXBuildFile; fileRef = 5AF5F0231B1D68F500E1402D /* btn_player_play@2x.png */; };
		5AF5F02B1B1D68F500E1402D /* btn_player_play@3x.png in Resources */ = {isa = PBXBuildFile; fileRef = 5AF5F0241B1D68F500E1402D /* btn_player_play@3x.png */; };
		5AF5F02C1B1D68F500E1402D /* btn_player_setting.png in Resources */ = {isa = PBXBuildFile; fileRef = 5AF5F0251B1D68F500E1402D /* btn_player_setting.png */; };
/* End PBXBuildFile section */

/* Begin PBXContainerItemProxy section */
		5A14A8CA1A70E647000920FB /* PBXContainerItemProxy */ = {
			isa = PBXContainerItemProxy;
			containerPortal = 5A14A8A81A70E647000920FB /* Project object */;
			proxyType = 1;
			remoteGlobalIDString = 5A14A8AF1A70E647000920FB;
			remoteInfo = FWDraggableSwipePlayer;
		};
/* End PBXContainerItemProxy section */

/* Begin PBXFileReference section */
		5A14A8B01A70E647000920FB /* FWDraggableSwipePlayer.app */ = {isa = PBXFileReference; explicitFileType = wrapper.application; includeInIndex = 0; path = FWDraggableSwipePlayer.app; sourceTree = BUILT_PRODUCTS_DIR; };
		5A14A8B41A70E647000920FB /* Info.plist */ = {isa = PBXFileReference; lastKnownFileType = text.plist.xml; path = Info.plist; sourceTree = "<group>"; };
		5A14A8B51A70E647000920FB /* main.m */ = {isa = PBXFileReference; lastKnownFileType = sourcecode.c.objc; path = main.m; sourceTree = "<group>"; };
		5A14A8B71A70E647000920FB /* AppDelegate.h */ = {isa = PBXFileReference; lastKnownFileType = sourcecode.c.h; path = AppDelegate.h; sourceTree = "<group>"; };
		5A14A8B81A70E647000920FB /* AppDelegate.m */ = {isa = PBXFileReference; lastKnownFileType = sourcecode.c.objc; path = AppDelegate.m; sourceTree = "<group>"; };
		5A14A8BE1A70E647000920FB /* Base */ = {isa = PBXFileReference; lastKnownFileType = file.storyboard; name = Base; path = Base.lproj/Main.storyboard; sourceTree = "<group>"; };
		5A14A8C01A70E647000920FB /* Images.xcassets */ = {isa = PBXFileReference; lastKnownFileType = folder.assetcatalog; path = Images.xcassets; sourceTree = "<group>"; };
		5A14A8C91A70E647000920FB /* FWDraggableSwipePlayerTests.xctest */ = {isa = PBXFileReference; explicitFileType = wrapper.cfbundle; includeInIndex = 0; path = FWDraggableSwipePlayerTests.xctest; sourceTree = BUILT_PRODUCTS_DIR; };
		5A14A8CE1A70E647000920FB /* Info.plist */ = {isa = PBXFileReference; lastKnownFileType = text.plist.xml; path = Info.plist; sourceTree = "<group>"; };
		5A14A8CF1A70E647000920FB /* FWDraggableSwipePlayerTests.m */ = {isa = PBXFileReference; lastKnownFileType = sourcecode.c.objc; path = FWDraggableSwipePlayerTests.m; sourceTree = "<group>"; };
		5A14A8D91A70E701000920FB /* DemoViewController.h */ = {isa = PBXFileReference; fileEncoding = 4; lastKnownFileType = sourcecode.c.h; path = DemoViewController.h; sourceTree = "<group>"; };
		5A14A8DA1A70E701000920FB /* DemoViewController.m */ = {isa = PBXFileReference; fileEncoding = 4; lastKnownFileType = sourcecode.c.objc; path = DemoViewController.m; sourceTree = "<group>"; };
		5A14A8F81A70E765000920FB /* list.json */ = {isa = PBXFileReference; fileEncoding = 4; lastKnownFileType = text.json; path = list.json; sourceTree = "<group>"; };
		5AE348991AF753050058E278 /* btn_player_setting.png */ = {isa = PBXFileReference; lastKnownFileType = image.png; name = btn_player_setting.png; path = src/UI/image/btn_player_setting.png; sourceTree = "<group>"; };
		5AE3489A1AF753050058E278 /* home_btn_next_series.png */ = {isa = PBXFileReference; lastKnownFileType = image.png; name = home_btn_next_series.png; path = src/UI/image/home_btn_next_series.png; sourceTree = "<group>"; };
		5AE3489B1AF753050058E278 /* ic_vidcontrol_collapse_pressed.png */ = {isa = PBXFileReference; lastKnownFileType = image.png; name = ic_vidcontrol_collapse_pressed.png; path = src/UI/image/ic_vidcontrol_collapse_pressed.png; sourceTree = "<group>"; };
		5AE3489C1AF753050058E278 /* ic_vidcontrol_collapse.png */ = {isa = PBXFileReference; lastKnownFileType = image.png; name = ic_vidcontrol_collapse.png; path = src/UI/image/ic_vidcontrol_collapse.png; sourceTree = "<group>"; };
		5AE348A01AF753050058E278 /* mini_middle_bg.png */ = {isa = PBXFileReference; lastKnownFileType = image.png; name = mini_middle_bg.png; path = src/UI/image/mini_middle_bg.png; sourceTree = "<group>"; };
		5AE348A11AF753050058E278 /* phone_my_main_line.png */ = {isa = PBXFileReference; lastKnownFileType = image.png; name = phone_my_main_line.png; path = src/UI/image/phone_my_main_line.png; sourceTree = "<group>"; };
		5AE348A21AF753050058E278 /* play_gesture_brightness.png */ = {isa = PBXFileReference; lastKnownFileType = image.png; name = play_gesture_brightness.png; path = src/UI/image/play_gesture_brightness.png; sourceTree = "<group>"; };
		5AE348A31AF753050058E278 /* play_gesture_forward.png */ = {isa = PBXFileReference; lastKnownFileType = image.png; name = play_gesture_forward.png; path = src/UI/image/play_gesture_forward.png; sourceTree = "<group>"; };
		5AE348A41AF753050058E278 /* play_gesture_rewind.png */ = {isa = PBXFileReference; lastKnownFileType = image.png; name = play_gesture_rewind.png; path = src/UI/image/play_gesture_rewind.png; sourceTree = "<group>"; };
		5AE348A51AF753050058E278 /* play_mini_p.png */ = {isa = PBXFileReference; lastKnownFileType = image.png; name = play_mini_p.png; path = src/UI/image/play_mini_p.png; sourceTree = "<group>"; };
		5AE348A61AF753050058E278 /* play_mini_p@3x.png */ = {isa = PBXFileReference; lastKnownFileType = image.png; name = "play_mini_p@3x.png"; path = "src/UI/image/play_mini_p@3x.png"; sourceTree = "<group>"; };
		5AE348A81AF753050058E278 /* plugin_fullscreen_bottom_lock_btn_normal.png */ = {isa = PBXFileReference; lastKnownFileType = image.png; name = plugin_fullscreen_bottom_lock_btn_normal.png; path = src/UI/image/plugin_fullscreen_bottom_lock_btn_normal.png; sourceTree = "<group>"; };
		5AE348A91AF753050058E278 /* plugin_fullscreen_bottom_lock_btn_selected.png */ = {isa = PBXFileReference; lastKnownFileType = image.png; name = plugin_fullscreen_bottom_lock_btn_selected.png; path = src/UI/image/plugin_fullscreen_bottom_lock_btn_selected.png; sourceTree = "<group>"; };
		5AE348AA1AF753050058E278 /* ppq_play_full_p.png */ = {isa = PBXFileReference; lastKnownFileType = image.png; name = ppq_play_full_p.png; path = src/UI/image/ppq_play_full_p.png; sourceTree = "<group>"; };
		5AE348AB1AF753050058E278 /* ppq_play_full_p@3x.png */ = {isa = PBXFileReference; lastKnownFileType = image.png; name = "ppq_play_full_p@3x.png"; path = "src/UI/image/ppq_play_full_p@3x.png"; sourceTree = "<group>"; };
		5AE348AC1AF753050058E278 /* uploading_button_share.png */ = {isa = PBXFileReference; lastKnownFileType = image.png; name = uploading_button_share.png; path = src/UI/image/uploading_button_share.png; sourceTree = "<group>"; };
		5AE348AD1AF753050058E278 /* uploading_button_share@2x.png */ = {isa = PBXFileReference; lastKnownFileType = image.png; name = "uploading_button_share@2x.png"; path = "src/UI/image/uploading_button_share@2x.png"; sourceTree = "<group>"; };
		5AE348AE1AF753050058E278 /* uploading_button_share@3x.png */ = {isa = PBXFileReference; lastKnownFileType = image.png; name = "uploading_button_share@3x.png"; path = "src/UI/image/uploading_button_share@3x.png"; sourceTree = "<group>"; };
		5AE348CA1AF7531D0058E278 /* FWSwipePlayerBottomLayer.h */ = {isa = PBXFileReference; fileEncoding = 4; lastKnownFileType = sourcecode.c.h; name = FWSwipePlayerBottomLayer.h; path = src/UI/FWSwipePlayerBottomLayer.h; sourceTree = "<group>"; };
		5AE348CB1AF7531D0058E278 /* FWSwipePlayerBottomLayer.m */ = {isa = PBXFileReference; fileEncoding = 4; lastKnownFileType = sourcecode.c.objc; name = FWSwipePlayerBottomLayer.m; path = src/UI/FWSwipePlayerBottomLayer.m; sourceTree = "<group>"; };
		5AE348CC1AF7531D0058E278 /* FWSwipePlayerLayer.h */ = {isa = PBXFileReference; fileEncoding = 4; lastKnownFileType = sourcecode.c.h; name = FWSwipePlayerLayer.h; path = src/UI/FWSwipePlayerLayer.h; sourceTree = "<group>"; };
		5AE348CD1AF7531D0058E278 /* FWSwipePlayerLayer.m */ = {isa = PBXFileReference; fileEncoding = 4; lastKnownFileType = sourcecode.c.objc; name = FWSwipePlayerLayer.m; path = src/UI/FWSwipePlayerLayer.m; sourceTree = "<group>"; };
		5AE348CE1AF7531D0058E278 /* FWSwipePlayerLoadingLayer.h */ = {isa = PBXFileReference; fileEncoding = 4; lastKnownFileType = sourcecode.c.h; name = FWSwipePlayerLoadingLayer.h; path = src/UI/FWSwipePlayerLoadingLayer.h; sourceTree = "<group>"; };
		5AE348CF1AF7531D0058E278 /* FWSwipePlayerLoadingLayer.m */ = {isa = PBXFileReference; fileEncoding = 4; lastKnownFileType = sourcecode.c.objc; name = FWSwipePlayerLoadingLayer.m; path = src/UI/FWSwipePlayerLoadingLayer.m; sourceTree = "<group>"; };
		5AE348D01AF7531D0058E278 /* FWSwipePlayerNavLayer.h */ = {isa = PBXFileReference; fileEncoding = 4; lastKnownFileType = sourcecode.c.h; name = FWSwipePlayerNavLayer.h; path = src/UI/FWSwipePlayerNavLayer.h; sourceTree = "<group>"; };
		5AE348D11AF7531D0058E278 /* FWSwipePlayerNavLayer.m */ = {isa = PBXFileReference; fileEncoding = 4; lastKnownFileType = sourcecode.c.objc; name = FWSwipePlayerNavLayer.m; path = src/UI/FWSwipePlayerNavLayer.m; sourceTree = "<group>"; };
		5AE348D21AF7531D0058E278 /* FWSwipePlayerSettingLayer.h */ = {isa = PBXFileReference; fileEncoding = 4; lastKnownFileType = sourcecode.c.h; name = FWSwipePlayerSettingLayer.h; path = src/UI/FWSwipePlayerSettingLayer.h; sourceTree = "<group>"; };
		5AE348D31AF7531D0058E278 /* FWSwipePlayerSettingLayer.m */ = {isa = PBXFileReference; fileEncoding = 4; lastKnownFileType = sourcecode.c.objc; name = FWSwipePlayerSettingLayer.m; path = src/UI/FWSwipePlayerSettingLayer.m; sourceTree = "<group>"; };
		5AE348D91AF7532D0058E278 /* FWDraggableManager.h */ = {isa = PBXFileReference; fileEncoding = 4; lastKnownFileType = sourcecode.c.h; name = FWDraggableManager.h; path = src/FWDraggableManager.h; sourceTree = "<group>"; };
		5AE348DA1AF7532D0058E278 /* FWDraggableManager.m */ = {isa = PBXFileReference; fileEncoding = 4; lastKnownFileType = sourcecode.c.objc; name = FWDraggableManager.m; path = src/FWDraggableManager.m; sourceTree = "<group>"; };
		5AE348DB1AF7532D0058E278 /* FWPlayerProgressSlider.h */ = {isa = PBXFileReference; fileEncoding = 4; lastKnownFileType = sourcecode.c.h; name = FWPlayerProgressSlider.h; path = src/FWPlayerProgressSlider.h; sourceTree = "<group>"; };
		5AE348DC1AF7532D0058E278 /* FWPlayerProgressSlider.m */ = {isa = PBXFileReference; fileEncoding = 4; lastKnownFileType = sourcecode.c.objc; name = FWPlayerProgressSlider.m; path = src/FWPlayerProgressSlider.m; sourceTree = "<group>"; };
		5AE348DD1AF7532D0058E278 /* FWSwipePlayerBackgroundView.h */ = {isa = PBXFileReference; fileEncoding = 4; lastKnownFileType = sourcecode.c.h; name = FWSwipePlayerBackgroundView.h; path = src/FWSwipePlayerBackgroundView.h; sourceTree = "<group>"; };
		5AE348DE1AF7532D0058E278 /* FWSwipePlayerBackgroundView.m */ = {isa = PBXFileReference; fileEncoding = 4; lastKnownFileType = sourcecode.c.objc; name = FWSwipePlayerBackgroundView.m; path = src/FWSwipePlayerBackgroundView.m; sourceTree = "<group>"; };
		5AE348DF1AF7532D0058E278 /* FWSwipePlayerConfig.h */ = {isa = PBXFileReference; fileEncoding = 4; lastKnownFileType = sourcecode.c.h; name = FWSwipePlayerConfig.h; path = src/FWSwipePlayerConfig.h; sourceTree = "<group>"; };
		5AE348E01AF7532D0058E278 /* FWSwipePlayerConfig.m */ = {isa = PBXFileReference; fileEncoding = 4; lastKnownFileType = sourcecode.c.objc; name = FWSwipePlayerConfig.m; path = src/FWSwipePlayerConfig.m; sourceTree = "<group>"; };
		5AE348E11AF7532D0058E278 /* FWSwipePlayerViewController.h */ = {isa = PBXFileReference; fileEncoding = 4; lastKnownFileType = sourcecode.c.h; name = FWSwipePlayerViewController.h; path = src/FWSwipePlayerViewController.h; sourceTree = "<group>"; };
		5AE348E21AF7532D0058E278 /* FWSwipePlayerViewController.m */ = {isa = PBXFileReference; fileEncoding = 4; lastKnownFileType = sourcecode.c.objc; name = FWSwipePlayerViewController.m; path = src/FWSwipePlayerViewController.m; sourceTree = "<group>"; };
		5AE348E31AF7532D0058E278 /* FWSwiperPlayerController.h */ = {isa = PBXFileReference; fileEncoding = 4; lastKnownFileType = sourcecode.c.h; name = FWSwiperPlayerController.h; path = src/FWSwiperPlayerController.h; sourceTree = "<group>"; };
		5AE348E41AF7532D0058E278 /* FWSwiperPlayerController.m */ = {isa = PBXFileReference; fileEncoding = 4; lastKnownFileType = sourcecode.c.objc; name = FWSwiperPlayerController.m; path = src/FWSwiperPlayerController.m; sourceTree = "<group>"; };
		5AE348EB1AF7533B0058E278 /* FWPlayerColorUtil.h */ = {isa = PBXFileReference; fileEncoding = 4; lastKnownFileType = sourcecode.c.h; name = FWPlayerColorUtil.h; path = src/Utility/FWPlayerColorUtil.h; sourceTree = "<group>"; };
		5AE348EC1AF7533B0058E278 /* FWPlayerColorUtil.m */ = {isa = PBXFileReference; fileEncoding = 4; lastKnownFileType = sourcecode.c.objc; name = FWPlayerColorUtil.m; path = src/Utility/FWPlayerColorUtil.m; sourceTree = "<group>"; };
		5AE348EE1AF75E370058E278 /* MovieDetailView.h */ = {isa = PBXFileReference; fileEncoding = 4; lastKnownFileType = sourcecode.c.h; name = MovieDetailView.h; path = src/UI/MovieDetailView.h; sourceTree = "<group>"; };
		5AE348EF1AF75E370058E278 /* MovieDetailView.m */ = {isa = PBXFileReference; fileEncoding = 4; lastKnownFileType = sourcecode.c.objc; name = MovieDetailView.m; path = src/UI/MovieDetailView.m; sourceTree = "<group>"; };
		5AE581491AEA16D60006D709 /* FWDraggableSwipePlayer.podspec */ = {isa = PBXFileReference; fileEncoding = 4; lastKnownFileType = text; name = FWDraggableSwipePlayer.podspec; path = ../FWDraggableSwipePlayer.podspec; sourceTree = "<group>"; };
		5AE5814C1AEA40190006D709 /* LICENSE.md */ = {isa = PBXFileReference; fileEncoding = 4; lastKnownFileType = net.daringfireball.markdown; name = LICENSE.md; path = ../LICENSE.md; sourceTree = "<group>"; };
		5AE68F281AA832A8006861AD /* en */ = {isa = PBXFileReference; lastKnownFileType = text.plist.strings; name = en; path = en.lproj/Localizable.strings; sourceTree = "<group>"; };
		5AE68F2A1AA832B6006861AD /* zh-Hans */ = {isa = PBXFileReference; lastKnownFileType = text.plist.strings; name = "zh-Hans"; path = "zh-Hans.lproj/Main.strings"; sourceTree = "<group>"; };
		5AE68F2C1AA832B6006861AD /* zh-Hans */ = {isa = PBXFileReference; lastKnownFileType = text.plist.strings; name = "zh-Hans"; path = "zh-Hans.lproj/Localizable.strings"; sourceTree = "<group>"; };
		5AE68F2D1AA832BA006861AD /* zh-Hant */ = {isa = PBXFileReference; lastKnownFileType = text.plist.strings; name = "zh-Hant"; path = "zh-Hant.lproj/Main.strings"; sourceTree = "<group>"; };
		5AE68F2F1AA832BB006861AD /* zh-Hant */ = {isa = PBXFileReference; lastKnownFileType = text.plist.strings; name = "zh-Hant"; path = "zh-Hant.lproj/Localizable.strings"; sourceTree = "<group>"; };
		5AE68F361AA84A3C006861AD /* Base */ = {isa = PBXFileReference; lastKnownFileType = text.plist.strings; name = Base; path = Base.lproj/Localizable.strings; sourceTree = "<group>"; };
		5AF5F01F1B1D68F500E1402D /* btn_player_pause.png */ = {isa = PBXFileReference; lastKnownFileType = image.png; name = btn_player_pause.png; path = src/UI/image/btn_player_pause.png; sourceTree = "<group>"; };
		5AF5F0201B1D68F500E1402D /* btn_player_pause@2x.png */ = {isa = PBXFileReference; lastKnownFileType = image.png; name = "btn_player_pause@2x.png"; path = "src/UI/image/btn_player_pause@2x.png"; sourceTree = "<group>"; };
		5AF5F0211B1D68F500E1402D /* btn_player_pause@3x.png */ = {isa = PBXFileReference; lastKnownFileType = image.png; name = "btn_player_pause@3x.png"; path = "src/UI/image/btn_player_pause@3x.png"; sourceTree = "<group>"; };
		5AF5F0221B1D68F500E1402D /* btn_player_play.png */ = {isa = PBXFileReference; lastKnownFileType = image.png; name = btn_player_play.png; path = src/UI/image/btn_player_play.png; sourceTree = "<group>"; };
		5AF5F0231B1D68F500E1402D /* btn_player_play@2x.png */ = {isa = PBXFileReference; lastKnownFileType = image.png; name = "btn_player_play@2x.png"; path = "src/UI/image/btn_player_play@2x.png"; sourceTree = "<group>"; };
		5AF5F0241B1D68F500E1402D /* btn_player_play@3x.png */ = {isa = PBXFileReference; lastKnownFileType = image.png; name = "btn_player_play@3x.png"; path = "src/UI/image/btn_player_play@3x.png"; sourceTree = "<group>"; };
		5AF5F0251B1D68F500E1402D /* btn_player_setting.png */ = {isa = PBXFileReference; lastKnownFileType = image.png; name = btn_player_setting.png; path = src/UI/image/btn_player_setting.png; sourceTree = "<group>"; };
/* End PBXFileReference section */

/* Begin PBXFrameworksBuildPhase section */
		5A14A8AD1A70E647000920FB /* Frameworks */ = {
			isa = PBXFrameworksBuildPhase;
			buildActionMask = 2147483647;
			files = (
			);
			runOnlyForDeploymentPostprocessing = 0;
		};
		5A14A8C61A70E647000920FB /* Frameworks */ = {
			isa = PBXFrameworksBuildPhase;
			buildActionMask = 2147483647;
			files = (
			);
			runOnlyForDeploymentPostprocessing = 0;
		};
/* End PBXFrameworksBuildPhase section */

/* Begin PBXGroup section */
		5A14A8A71A70E647000920FB = {
			isa = PBXGroup;
			children = (
				5AE5814C1AEA40190006D709 /* LICENSE.md */,
				5AE581491AEA16D60006D709 /* FWDraggableSwipePlayer.podspec */,
				5A14A8B21A70E647000920FB /* FWDraggableSwipePlayer */,
				5A14A8CC1A70E647000920FB /* FWDraggableSwipePlayerTests */,
				5A14A8B11A70E647000920FB /* Products */,
			);
			sourceTree = "<group>";
		};
		5A14A8B11A70E647000920FB /* Products */ = {
			isa = PBXGroup;
			children = (
				5A14A8B01A70E647000920FB /* FWDraggableSwipePlayer.app */,
				5A14A8C91A70E647000920FB /* FWDraggableSwipePlayerTests.xctest */,
			);
			name = Products;
			sourceTree = "<group>";
		};
		5A14A8B21A70E647000920FB /* FWDraggableSwipePlayer */ = {
			isa = PBXGroup;
			children = (
				5A14A8DF1A70E721000920FB /* Player */,
				5A14A8B71A70E647000920FB /* AppDelegate.h */,
				5A14A8B81A70E647000920FB /* AppDelegate.m */,
				5A14A8D91A70E701000920FB /* DemoViewController.h */,
				5A14A8DA1A70E701000920FB /* DemoViewController.m */,
				5A14A8BD1A70E647000920FB /* Main.storyboard */,
				5A14A8C01A70E647000920FB /* Images.xcassets */,
				5A14A8B31A70E647000920FB /* Supporting Files */,
			);
			path = FWDraggableSwipePlayer;
			sourceTree = "<group>";
		};
		5A14A8B31A70E647000920FB /* Supporting Files */ = {
			isa = PBXGroup;
			children = (
				5A14A8F81A70E765000920FB /* list.json */,
				5A14A8B41A70E647000920FB /* Info.plist */,
				5A14A8B51A70E647000920FB /* main.m */,
				5AE68F291AA832A8006861AD /* Localizable.strings */,
			);
			name = "Supporting Files";
			sourceTree = "<group>";
		};
		5A14A8CC1A70E647000920FB /* FWDraggableSwipePlayerTests */ = {
			isa = PBXGroup;
			children = (
				5A14A8CF1A70E647000920FB /* FWDraggableSwipePlayerTests.m */,
				5A14A8CD1A70E647000920FB /* Supporting Files */,
			);
			path = FWDraggableSwipePlayerTests;
			sourceTree = "<group>";
		};
		5A14A8CD1A70E647000920FB /* Supporting Files */ = {
			isa = PBXGroup;
			children = (
				5A14A8CE1A70E647000920FB /* Info.plist */,
			);
			name = "Supporting Files";
			sourceTree = "<group>";
		};
		5A14A8DF1A70E721000920FB /* Player */ = {
			isa = PBXGroup;
			children = (
				5AF5F02E1B1D829E00E1402D /* MPMoviePlayer */,
				5AF5F02D1B1D829500E1402D /* AVPlayer */,
				5AE68F301AA83312006861AD /* Utility */,
				5ADC7EAE1AAD8183007DA349 /* UI */,
				5AE348D91AF7532D0058E278 /* FWDraggableManager.h */,
				5AE348DA1AF7532D0058E278 /* FWDraggableManager.m */,
				5AE348DD1AF7532D0058E278 /* FWSwipePlayerBackgroundView.h */,
				5AE348DE1AF7532D0058E278 /* FWSwipePlayerBackgroundView.m */,
				5AE348DF1AF7532D0058E278 /* FWSwipePlayerConfig.h */,
				5AE348E01AF7532D0058E278 /* FWSwipePlayerConfig.m */,
			);
			name = Player;
			sourceTree = "<group>";
		};
		5A14A8FA1A70E76C000920FB /* image */ = {
			isa = PBXGroup;
			children = (
				5AF5F01F1B1D68F500E1402D /* btn_player_pause.png */,
				5AF5F0201B1D68F500E1402D /* btn_player_pause@2x.png */,
				5AF5F0211B1D68F500E1402D /* btn_player_pause@3x.png */,
				5AF5F0221B1D68F500E1402D /* btn_player_play.png */,
				5AF5F0231B1D68F500E1402D /* btn_player_play@2x.png */,
				5AF5F0241B1D68F500E1402D /* btn_player_play@3x.png */,
				5AF5F0251B1D68F500E1402D /* btn_player_setting.png */,
				5AE348991AF753050058E278 /* btn_player_setting.png */,
				5AE3489A1AF753050058E278 /* home_btn_next_series.png */,
				5AE3489B1AF753050058E278 /* ic_vidcontrol_collapse_pressed.png */,
				5AE3489C1AF753050058E278 /* ic_vidcontrol_collapse.png */,
				5AE348A01AF753050058E278 /* mini_middle_bg.png */,
				5AE348A11AF753050058E278 /* phone_my_main_line.png */,
				5AE348A21AF753050058E278 /* play_gesture_brightness.png */,
				5AE348A31AF753050058E278 /* play_gesture_forward.png */,
				5AE348A41AF753050058E278 /* play_gesture_rewind.png */,
				5AE348A51AF753050058E278 /* play_mini_p.png */,
				5AE348A61AF753050058E278 /* play_mini_p@3x.png */,
				5AE348A81AF753050058E278 /* plugin_fullscreen_bottom_lock_btn_normal.png */,
				5AE348A91AF753050058E278 /* plugin_fullscreen_bottom_lock_btn_selected.png */,
				5AE348AA1AF753050058E278 /* ppq_play_full_p.png */,
				5AE348AB1AF753050058E278 /* ppq_play_full_p@3x.png */,
				5AE348AC1AF753050058E278 /* uploading_button_share.png */,
				5AE348AD1AF753050058E278 /* uploading_button_share@2x.png */,
				5AE348AE1AF753050058E278 /* uploading_button_share@3x.png */,
			);
			name = image;
			sourceTree = "<group>";
		};
		5ADC7EAE1AAD8183007DA349 /* UI */ = {
			isa = PBXGroup;
			children = (
				5AE348DB1AF7532D0058E278 /* FWPlayerProgressSlider.h */,
				5AE348DC1AF7532D0058E278 /* FWPlayerProgressSlider.m */,
				5AE348EE1AF75E370058E278 /* MovieDetailView.h */,
				5AE348EF1AF75E370058E278 /* MovieDetailView.m */,
				5AE348CA1AF7531D0058E278 /* FWSwipePlayerBottomLayer.h */,
				5AE348CB1AF7531D0058E278 /* FWSwipePlayerBottomLayer.m */,
				5AE348CC1AF7531D0058E278 /* FWSwipePlayerLayer.h */,
				5AE348CD1AF7531D0058E278 /* FWSwipePlayerLayer.m */,
				5AE348CE1AF7531D0058E278 /* FWSwipePlayerLoadingLayer.h */,
				5AE348CF1AF7531D0058E278 /* FWSwipePlayerLoadingLayer.m */,
				5AE348D01AF7531D0058E278 /* FWSwipePlayerNavLayer.h */,
				5AE348D11AF7531D0058E278 /* FWSwipePlayerNavLayer.m */,
				5AE348D21AF7531D0058E278 /* FWSwipePlayerSettingLayer.h */,
				5AE348D31AF7531D0058E278 /* FWSwipePlayerSettingLayer.m */,
				5A14A8FA1A70E76C000920FB /* image */,
			);
			name = UI;
			sourceTree = "<group>";
		};
		5AE68F301AA83312006861AD /* Utility */ = {
			isa = PBXGroup;
			children = (
				5AE348EB1AF7533B0058E278 /* FWPlayerColorUtil.h */,
				5AE348EC1AF7533B0058E278 /* FWPlayerColorUtil.m */,
			);
			name = Utility;
			sourceTree = "<group>";
		};
		5AF5F02D1B1D829500E1402D /* AVPlayer */ = {
			isa = PBXGroup;
			children = (
			);
			name = AVPlayer;
			sourceTree = "<group>";
		};
		5AF5F02E1B1D829E00E1402D /* MPMoviePlayer */ = {
			isa = PBXGroup;
			children = (
				5AE348E11AF7532D0058E278 /* FWSwipePlayerViewController.h */,
				5AE348E21AF7532D0058E278 /* FWSwipePlayerViewController.m */,
				5AE348E31AF7532D0058E278 /* FWSwiperPlayerController.h */,
				5AE348E41AF7532D0058E278 /* FWSwiperPlayerController.m */,
			);
			name = MPMoviePlayer;
			sourceTree = "<group>";
		};
/* End PBXGroup section */

/* Begin PBXNativeTarget section */
		5A14A8AF1A70E647000920FB /* FWDraggableSwipePlayer */ = {
			isa = PBXNativeTarget;
			buildConfigurationList = 5A14A8D31A70E647000920FB /* Build configuration list for PBXNativeTarget "FWDraggableSwipePlayer" */;
			buildPhases = (
				5A14A8AC1A70E647000920FB /* Sources */,
				5A14A8AD1A70E647000920FB /* Frameworks */,
				5A14A8AE1A70E647000920FB /* Resources */,
			);
			buildRules = (
			);
			dependencies = (
			);
			name = FWDraggableSwipePlayer;
			productName = FWDraggableSwipePlayer;
			productReference = 5A14A8B01A70E647000920FB /* FWDraggableSwipePlayer.app */;
			productType = "com.apple.product-type.application";
		};
		5A14A8C81A70E647000920FB /* FWDraggableSwipePlayerTests */ = {
			isa = PBXNativeTarget;
			buildConfigurationList = 5A14A8D61A70E647000920FB /* Build configuration list for PBXNativeTarget "FWDraggableSwipePlayerTests" */;
			buildPhases = (
				5A14A8C51A70E647000920FB /* Sources */,
				5A14A8C61A70E647000920FB /* Frameworks */,
				5A14A8C71A70E647000920FB /* Resources */,
			);
			buildRules = (
			);
			dependencies = (
				5A14A8CB1A70E647000920FB /* PBXTargetDependency */,
			);
			name = FWDraggableSwipePlayerTests;
			productName = FWDraggableSwipePlayerTests;
			productReference = 5A14A8C91A70E647000920FB /* FWDraggableSwipePlayerTests.xctest */;
			productType = "com.apple.product-type.bundle.unit-test";
		};
/* End PBXNativeTarget section */

/* Begin PBXProject section */
		5A14A8A81A70E647000920FB /* Project object */ = {
			isa = PBXProject;
			attributes = {
				LastUpgradeCheck = 0610;
				ORGANIZATIONNAME = "Filly Wang";
				TargetAttributes = {
					5A14A8AF1A70E647000920FB = {
						CreatedOnToolsVersion = 6.1;
					};
					5A14A8C81A70E647000920FB = {
						CreatedOnToolsVersion = 6.1;
						TestTargetID = 5A14A8AF1A70E647000920FB;
					};
				};
			};
			buildConfigurationList = 5A14A8AB1A70E647000920FB /* Build configuration list for PBXProject "FWDraggableSwipePlayer" */;
			compatibilityVersion = "Xcode 3.2";
			developmentRegion = English;
			hasScannedForEncodings = 0;
			knownRegions = (
				en,
				Base,
				"zh-Hans",
				"zh-Hant",
			);
			mainGroup = 5A14A8A71A70E647000920FB;
			productRefGroup = 5A14A8B11A70E647000920FB /* Products */;
			projectDirPath = "";
			projectRoot = "";
			targets = (
				5A14A8AF1A70E647000920FB /* FWDraggableSwipePlayer */,
				5A14A8C81A70E647000920FB /* FWDraggableSwipePlayerTests */,
			);
		};
/* End PBXProject section */

/* Begin PBXResourcesBuildPhase section */
		5A14A8AE1A70E647000920FB /* Resources */ = {
			isa = PBXResourcesBuildPhase;
			buildActionMask = 2147483647;
			files = (
				5AF5F02A1B1D68F500E1402D /* btn_player_play@2x.png in Resources */,
				5AE348B61AF753060058E278 /* ic_vidcontrol_collapse_pressed.png in Resources */,
				5AF5F0271B1D68F500E1402D /* btn_player_pause@2x.png in Resources */,
				5AF5F0281B1D68F500E1402D /* btn_player_pause@3x.png in Resources */,
				5AE348C81AF753060058E278 /* uploading_button_share@2x.png in Resources */,
				5AE348C11AF753060058E278 /* play_mini_p@3x.png in Resources */,
				5AF5F02C1B1D68F500E1402D /* btn_player_setting.png in Resources */,
				5AF5F02B1B1D68F500E1402D /* btn_player_play@3x.png in Resources */,
				5AE348BD1AF753060058E278 /* play_gesture_brightness.png in Resources */,
				5AF5F0261B1D68F500E1402D /* btn_player_pause.png in Resources */,
				5AE5814A1AEA16D60006D709 /* FWDraggableSwipePlayer.podspec in Resources */,
				5AE348C01AF753060058E278 /* play_mini_p.png in Resources */,
				5AE348B41AF753060058E278 /* btn_player_setting.png in Resources */,
				5A14A8F91A70E765000920FB /* list.json in Resources */,
				5AE348BE1AF753060058E278 /* play_gesture_forward.png in Resources */,
				5AE348C91AF753060058E278 /* uploading_button_share@3x.png in Resources */,
				5AE348BF1AF753060058E278 /* play_gesture_rewind.png in Resources */,
				5AE348BB1AF753060058E278 /* mini_middle_bg.png in Resources */,
				5AE348C41AF753060058E278 /* plugin_fullscreen_bottom_lock_btn_selected.png in Resources */,
				5AE5814B1AEA3F640006D709 /* Main.storyboard in Resources */,
				5AE348C31AF753060058E278 /* plugin_fullscreen_bottom_lock_btn_normal.png in Resources */,
				5AE68F271AA832A8006861AD /* Localizable.strings in Resources */,
				5AF5F0291B1D68F500E1402D /* btn_player_play.png in Resources */,
				5AE348BC1AF753060058E278 /* phone_my_main_line.png in Resources */,
				5AE348B71AF753060058E278 /* ic_vidcontrol_collapse.png in Resources */,
				5AE348C71AF753060058E278 /* uploading_button_share.png in Resources */,
				5A14A8C11A70E647000920FB /* Images.xcassets in Resources */,
				5AE348C61AF753060058E278 /* ppq_play_full_p@3x.png in Resources */,
				5AE348C51AF753060058E278 /* ppq_play_full_p.png in Resources */,
				5AE348B51AF753060058E278 /* home_btn_next_series.png in Resources */,
			);
			runOnlyForDeploymentPostprocessing = 0;
		};
		5A14A8C71A70E647000920FB /* Resources */ = {
			isa = PBXResourcesBuildPhase;
			buildActionMask = 2147483647;
			files = (
			);
			runOnlyForDeploymentPostprocessing = 0;
		};
/* End PBXResourcesBuildPhase section */

/* Begin PBXSourcesBuildPhase section */
		5A14A8AC1A70E647000920FB /* Sources */ = {
			isa = PBXSourcesBuildPhase;
			buildActionMask = 2147483647;
			files = (
				5AE348ED1AF7533B0058E278 /* FWPlayerColorUtil.m in Sources */,
				5AE348D81AF7531D0058E278 /* FWSwipePlayerSettingLayer.m in Sources */,
				5AE348E61AF7532D0058E278 /* FWPlayerProgressSlider.m in Sources */,
				5AE348E81AF7532D0058E278 /* FWSwipePlayerConfig.m in Sources */,
				5AE348D61AF7531D0058E278 /* FWSwipePlayerLoadingLayer.m in Sources */,
				5AE348F01AF75E370058E278 /* MovieDetailView.m in Sources */,
				5AE348E71AF7532D0058E278 /* FWSwipePlayerBackgroundView.m in Sources */,
				5A14A8B91A70E647000920FB /* AppDelegate.m in Sources */,
				5AE348EA1AF7532D0058E278 /* FWSwiperPlayerController.m in Sources */,
				5AE348D71AF7531D0058E278 /* FWSwipePlayerNavLayer.m in Sources */,
				5AE348E91AF7532D0058E278 /* FWSwipePlayerViewController.m in Sources */,
				5AE348D51AF7531D0058E278 /* FWSwipePlayerLayer.m in Sources */,
				5AE348E51AF7532D0058E278 /* FWDraggableManager.m in Sources */,
				5A14A8B61A70E647000920FB /* main.m in Sources */,
				5AE5814D1AEA40190006D709 /* LICENSE.md in Sources */,
				5A14A8DD1A70E701000920FB /* DemoViewController.m in Sources */,
				5AE348D41AF7531D0058E278 /* FWSwipePlayerBottomLayer.m in Sources */,
			);
			runOnlyForDeploymentPostprocessing = 0;
		};
		5A14A8C51A70E647000920FB /* Sources */ = {
			isa = PBXSourcesBuildPhase;
			buildActionMask = 2147483647;
			files = (
				5A14A8D01A70E647000920FB /* FWDraggableSwipePlayerTests.m in Sources */,
			);
			runOnlyForDeploymentPostprocessing = 0;
		};
/* End PBXSourcesBuildPhase section */

/* Begin PBXTargetDependency section */
		5A14A8CB1A70E647000920FB /* PBXTargetDependency */ = {
			isa = PBXTargetDependency;
			target = 5A14A8AF1A70E647000920FB /* FWDraggableSwipePlayer */;
			targetProxy = 5A14A8CA1A70E647000920FB /* PBXContainerItemProxy */;
		};
/* End PBXTargetDependency section */

/* Begin PBXVariantGroup section */
		5A14A8BD1A70E647000920FB /* Main.storyboard */ = {
			isa = PBXVariantGroup;
			children = (
				5A14A8BE1A70E647000920FB /* Base */,
				5AE68F2A1AA832B6006861AD /* zh-Hans */,
				5AE68F2D1AA832BA006861AD /* zh-Hant */,
			);
			name = Main.storyboard;
			sourceTree = "<group>";
		};
		5AE68F291AA832A8006861AD /* Localizable.strings */ = {
			isa = PBXVariantGroup;
			children = (
				5AE68F281AA832A8006861AD /* en */,
				5AE68F2C1AA832B6006861AD /* zh-Hans */,
				5AE68F2F1AA832BB006861AD /* zh-Hant */,
				5AE68F361AA84A3C006861AD /* Base */,
			);
			name = Localizable.strings;
			sourceTree = "<group>";
		};
/* End PBXVariantGroup section */

/* Begin XCBuildConfiguration section */
		5A14A8D11A70E647000920FB /* Debug */ = {
			isa = XCBuildConfiguration;
			buildSettings = {
				ALWAYS_SEARCH_USER_PATHS = NO;
				CLANG_CXX_LANGUAGE_STANDARD = "gnu++0x";
				CLANG_CXX_LIBRARY = "libc++";
				CLANG_ENABLE_MODULES = YES;
				CLANG_ENABLE_OBJC_ARC = YES;
				CLANG_WARN_BOOL_CONVERSION = YES;
				CLANG_WARN_CONSTANT_CONVERSION = YES;
				CLANG_WARN_DIRECT_OBJC_ISA_USAGE = YES_ERROR;
				CLANG_WARN_EMPTY_BODY = YES;
				CLANG_WARN_ENUM_CONVERSION = YES;
				CLANG_WARN_INT_CONVERSION = YES;
				CLANG_WARN_OBJC_ROOT_CLASS = YES_ERROR;
				CLANG_WARN_UNREACHABLE_CODE = YES;
				CLANG_WARN__DUPLICATE_METHOD_MATCH = YES;
				"CODE_SIGN_IDENTITY[sdk=iphoneos*]" = "iPhone Developer";
				COPY_PHASE_STRIP = NO;
				ENABLE_STRICT_OBJC_MSGSEND = YES;
				GCC_C_LANGUAGE_STANDARD = gnu99;
				GCC_DYNAMIC_NO_PIC = NO;
				GCC_OPTIMIZATION_LEVEL = 0;
				GCC_PREPROCESSOR_DEFINITIONS = (
					"DEBUG=1",
					"$(inherited)",
				);
				GCC_SYMBOLS_PRIVATE_EXTERN = NO;
				GCC_WARN_64_TO_32_BIT_CONVERSION = YES;
				GCC_WARN_ABOUT_RETURN_TYPE = YES_ERROR;
				GCC_WARN_UNDECLARED_SELECTOR = YES;
				GCC_WARN_UNINITIALIZED_AUTOS = YES_AGGRESSIVE;
				GCC_WARN_UNUSED_FUNCTION = YES;
				GCC_WARN_UNUSED_VARIABLE = YES;
				IPHONEOS_DEPLOYMENT_TARGET = 6.0;
				MTL_ENABLE_DEBUG_INFO = YES;
				ONLY_ACTIVE_ARCH = YES;
				SDKROOT = iphoneos;
			};
			name = Debug;
		};
		5A14A8D21A70E647000920FB /* Release */ = {
			isa = XCBuildConfiguration;
			buildSettings = {
				ALWAYS_SEARCH_USER_PATHS = NO;
				CLANG_CXX_LANGUAGE_STANDARD = "gnu++0x";
				CLANG_CXX_LIBRARY = "libc++";
				CLANG_ENABLE_MODULES = YES;
				CLANG_ENABLE_OBJC_ARC = YES;
				CLANG_WARN_BOOL_CONVERSION = YES;
				CLANG_WARN_CONSTANT_CONVERSION = YES;
				CLANG_WARN_DIRECT_OBJC_ISA_USAGE = YES_ERROR;
				CLANG_WARN_EMPTY_BODY = YES;
				CLANG_WARN_ENUM_CONVERSION = YES;
				CLANG_WARN_INT_CONVERSION = YES;
				CLANG_WARN_OBJC_ROOT_CLASS = YES_ERROR;
				CLANG_WARN_UNREACHABLE_CODE = YES;
				CLANG_WARN__DUPLICATE_METHOD_MATCH = YES;
				"CODE_SIGN_IDENTITY[sdk=iphoneos*]" = "iPhone Developer";
				COPY_PHASE_STRIP = YES;
				ENABLE_NS_ASSERTIONS = NO;
				ENABLE_STRICT_OBJC_MSGSEND = YES;
				GCC_C_LANGUAGE_STANDARD = gnu99;
				GCC_WARN_64_TO_32_BIT_CONVERSION = YES;
				GCC_WARN_ABOUT_RETURN_TYPE = YES_ERROR;
				GCC_WARN_UNDECLARED_SELECTOR = YES;
				GCC_WARN_UNINITIALIZED_AUTOS = YES_AGGRESSIVE;
				GCC_WARN_UNUSED_FUNCTION = YES;
				GCC_WARN_UNUSED_VARIABLE = YES;
				IPHONEOS_DEPLOYMENT_TARGET = 6.0;
				MTL_ENABLE_DEBUG_INFO = NO;
				SDKROOT = iphoneos;
				VALIDATE_PRODUCT = YES;
			};
			name = Release;
		};
		5A14A8D41A70E647000920FB /* Debug */ = {
			isa = XCBuildConfiguration;
			buildSettings = {
				ASSETCATALOG_COMPILER_APPICON_NAME = AppIcon;
				ASSETCATALOG_COMPILER_LAUNCHIMAGE_NAME = LaunchImage;
				FRAMEWORK_SEARCH_PATHS = (
					"$(inherited)",
					"$(PROJECT_DIR)/FWDraggableSwipePlayer",
				);
				INFOPLIST_FILE = FWDraggableSwipePlayer/Info.plist;
				IPHONEOS_DEPLOYMENT_TARGET = 6.0;
				LD_RUNPATH_SEARCH_PATHS = "$(inherited) @executable_path/Frameworks";
				ONLY_ACTIVE_ARCH = NO;
				PRODUCT_NAME = "$(TARGET_NAME)";
				VALID_ARCHS = "arm64 armv7 armv7s i386";
			};
			name = Debug;
		};
		5A14A8D51A70E647000920FB /* Release */ = {
			isa = XCBuildConfiguration;
			buildSettings = {
				ASSETCATALOG_COMPILER_APPICON_NAME = AppIcon;
				ASSETCATALOG_COMPILER_LAUNCHIMAGE_NAME = LaunchImage;
				FRAMEWORK_SEARCH_PATHS = (
					"$(inherited)",
					"$(PROJECT_DIR)/FWDraggableSwipePlayer",
				);
				INFOPLIST_FILE = FWDraggableSwipePlayer/Info.plist;
				IPHONEOS_DEPLOYMENT_TARGET = 6.0;
				LD_RUNPATH_SEARCH_PATHS = "$(inherited) @executable_path/Frameworks";
				ONLY_ACTIVE_ARCH = NO;
				PRODUCT_NAME = "$(TARGET_NAME)";
				VALID_ARCHS = "arm64 armv7 armv7s i386";
			};
			name = Release;
		};
		5A14A8D71A70E647000920FB /* Debug */ = {
			isa = XCBuildConfiguration;
			buildSettings = {
				BUNDLE_LOADER = "$(TEST_HOST)";
				FRAMEWORK_SEARCH_PATHS = (
					"$(SDKROOT)/Developer/Library/Frameworks",
					"$(inherited)",
				);
				GCC_PREPROCESSOR_DEFINITIONS = (
					"DEBUG=1",
					"$(inherited)",
				);
				INFOPLIST_FILE = FWDraggableSwipePlayerTests/Info.plist;
				LD_RUNPATH_SEARCH_PATHS = "$(inherited) @executable_path/Frameworks @loader_path/Frameworks";
				PRODUCT_NAME = "$(TARGET_NAME)";
				TEST_HOST = "$(BUILT_PRODUCTS_DIR)/FWDraggableSwipePlayer.app/FWDraggableSwipePlayer";
			};
			name = Debug;
		};
		5A14A8D81A70E647000920FB /* Release */ = {
			isa = XCBuildConfiguration;
			buildSettings = {
				BUNDLE_LOADER = "$(TEST_HOST)";
				FRAMEWORK_SEARCH_PATHS = (
					"$(SDKROOT)/Developer/Library/Frameworks",
					"$(inherited)",
				);
				INFOPLIST_FILE = FWDraggableSwipePlayerTests/Info.plist;
				LD_RUNPATH_SEARCH_PATHS = "$(inherited) @executable_path/Frameworks @loader_path/Frameworks";
				PRODUCT_NAME = "$(TARGET_NAME)";
				TEST_HOST = "$(BUILT_PRODUCTS_DIR)/FWDraggableSwipePlayer.app/FWDraggableSwipePlayer";
			};
			name = Release;
		};
/* End XCBuildConfiguration section */

/* Begin XCConfigurationList section */
		5A14A8AB1A70E647000920FB /* Build configuration list for PBXProject "FWDraggableSwipePlayer" */ = {
			isa = XCConfigurationList;
			buildConfigurations = (
				5A14A8D11A70E647000920FB /* Debug */,
				5A14A8D21A70E647000920FB /* Release */,
			);
			defaultConfigurationIsVisible = 0;
			defaultConfigurationName = Release;
		};
		5A14A8D31A70E647000920FB /* Build configuration list for PBXNativeTarget "FWDraggableSwipePlayer" */ = {
			isa = XCConfigurationList;
			buildConfigurations = (
				5A14A8D41A70E647000920FB /* Debug */,
				5A14A8D51A70E647000920FB /* Release */,
			);
			defaultConfigurationIsVisible = 0;
			defaultConfigurationName = Release;
		};
		5A14A8D61A70E647000920FB /* Build configuration list for PBXNativeTarget "FWDraggableSwipePlayerTests" */ = {
			isa = XCConfigurationList;
			buildConfigurations = (
				5A14A8D71A70E647000920FB /* Debug */,
				5A14A8D81A70E647000920FB /* Release */,
			);
			defaultConfigurationIsVisible = 0;
			defaultConfigurationName = Release;
		};
/* End XCConfigurationList section */
	};
	rootObject = 5A14A8A81A70E647000920FB /* Project object */;
}
